
Microsoft Visual Studio Solution File, Format Version 12.00
# Visual Studio Version 16
VisualStudioVersion = 16.0.30907.101
MinimumVisualStudioVersion = 10.0.40219.1
Project("{9A19103F-16F7-4668-BE54-9A1E7A4F7556}") = "DataAccess", "DataAccess\DataAccess.csproj", "{EB3BA17B-DA8C-4B3A-8BDA-2B487E423EE1}"
EndProject
Project("{9A19103F-16F7-4668-BE54-9A1E7A4F7556}") = "Business", "Business\Business.csproj", "{F01893A3-4889-478C-801F-5EA8298D2926}"
EndProject
Project("{9A19103F-16F7-4668-BE54-9A1E7A4F7556}") = "Entities", "Entities\Entities.csproj", "{0B4603C8-0D2F-4EA4-9F00-C2993FDC92F8}"
EndProject
Project("{9A19103F-16F7-4668-BE54-9A1E7A4F7556}") = "ConsoleUI", "ConsoleUI\ConsoleUI.csproj", "{B8E6F463-DC1A-4ACE-AADE-85299D016942}"
EndProject
Project("{9A19103F-16F7-4668-BE54-9A1E7A4F7556}") = "Core", "Core\Core.csproj", "{6E80229D-6659-4135-9E51-81D4D5552E35}"
EndProject
Project("{FAE04EC0-301F-11D3-BF4B-00C04F79EFBC}") = "WebAPI", "WebAPI\WebAPI.csproj", "{F22FECA3-A33A-41CC-B328-A432C8AFC458}"
EndProject
Global
	GlobalSection(SolutionConfigurationPlatforms) = preSolution
		Debug|Any CPU = Debug|Any CPU
		Release|Any CPU = Release|Any CPU
	EndGlobalSection
	GlobalSection(ProjectConfigurationPlatforms) = postSolution
		{EB3BA17B-DA8C-4B3A-8BDA-2B487E423EE1}.Debug|Any CPU.ActiveCfg = Debug|Any CPU
		{EB3BA17B-DA8C-4B3A-8BDA-2B487E423EE1}.Debug|Any CPU.Build.0 = Debug|Any CPU
		{EB3BA17B-DA8C-4B3A-8BDA-2B487E423EE1}.Release|Any CPU.ActiveCfg = Release|Any CPU
		{EB3BA17B-DA8C-4B3A-8BDA-2B487E423EE1}.Release|Any CPU.Build.0 = Release|Any CPU
		{F01893A3-4889-478C-801F-5EA8298D2926}.Debug|Any CPU.ActiveCfg = Debug|Any CPU
		{F01893A3-4889-478C-801F-5EA8298D2926}.Debug|Any CPU.Build.0 = Debug|Any CPU
		{F01893A3-4889-478C-801F-5EA8298D2926}.Release|Any CPU.ActiveCfg = Release|Any CPU
		{F01893A3-4889-478C-801F-5EA8298D2926}.Release|Any CPU.Build.0 = Release|Any CPU
		{0B4603C8-0D2F-4EA4-9F00-C2993FDC92F8}.Debug|Any CPU.ActiveCfg = Debug|Any CPU
		{0B4603C8-0D2F-4EA4-9F00-C2993FDC92F8}.Debug|Any CPU.Build.0 = Debug|Any CPU
		{0B4603C8-0D2F-4EA4-9F00-C2993FDC92F8}.Release|Any CPU.ActiveCfg = Release|Any CPU
		{0B4603C8-0D2F-4EA4-9F00-C2993FDC92F8}.Release|Any CPU.Build.0 = Release|Any CPU
		{B8E6F463-DC1A-4ACE-AADE-85299D016942}.Debug|Any CPU.ActiveCfg = Debug|Any CPU
		{B8E6F463-DC1A-4ACE-AADE-85299D016942}.Debug|Any CPU.Build.0 = Debug|Any CPU
		{B8E6F463-DC1A-4ACE-AADE-85299D016942}.Release|Any CPU.ActiveCfg = Release|Any CPU
		{B8E6F463-DC1A-4ACE-AADE-85299D016942}.Release|Any CPU.Build.0 = Release|Any CPU
		{6E80229D-6659-4135-9E51-81D4D5552E35}.Debug|Any CPU.ActiveCfg = Debug|Any CPU
		{6E80229D-6659-4135-9E51-81D4D5552E35}.Debug|Any CPU.Build.0 = Debug|Any CPU
		{6E80229D-6659-4135-9E51-81D4D5552E35}.Release|Any CPU.ActiveCfg = Release|Any CPU
		{6E80229D-6659-4135-9E51-81D4D5552E35}.Release|Any CPU.Build.0 = Release|Any CPU
		{F22FECA3-A33A-41CC-B328-A432C8AFC458}.Debug|Any CPU.ActiveCfg = Debug|Any CPU
		{F22FECA3-A33A-41CC-B328-A432C8AFC458}.Debug|Any CPU.Build.0 = Debug|Any CPU
		{F22FECA3-A33A-41CC-B328-A432C8AFC458}.Release|Any CPU.ActiveCfg = Release|Any CPU
		{F22FECA3-A33A-41CC-B328-A432C8AFC458}.Release|Any CPU.Build.0 = Release|Any CPU
	EndGlobalSection
	GlobalSection(SolutionProperties) = preSolution
		HideSolutionNode = FALSE
	EndGlobalSection
	GlobalSection(ExtensibilityGlobals) = postSolution
		SolutionGuid = {B66489D9-39FD-4577-AF1E-595B40B579E2}
	EndGlobalSection
EndGlobal
